
Microsoft Visual Studio Solution File, Format Version 12.00
# Visual Studio Version 16
VisualStudioVersion = 16.0.34601.136
MinimumVisualStudioVersion = 10.0.40219.1
Project("{FAE04EC0-301F-11D3-BF4B-00C04F79EFBC}") = "KKStudio.Tools", "KKStudio.Tools.csproj", "{9BB81E72-27F2-47A9-ACA7-5500B1DC79B4}"
EndProject
Global
	GlobalSection(SolutionConfigurationPlatforms) = preSolution
		Debug|Any CPU = Debug|Any CPU
		Release|Any CPU = Release|Any CPU
	EndGlobalSection
	GlobalSection(ProjectConfigurationPlatforms) = postSolution
		{9BB81E72-27F2-47A9-ACA7-5500B1DC79B4}.Debug|Any CPU.ActiveCfg = Debug|Any CPU
		{9BB81E72-27F2-47A9-ACA7-5500B1DC79B4}.Debug|Any CPU.Build.0 = Debug|Any CPU
		{9BB81E72-27F2-47A9-ACA7-5500B1DC79B4}.Release|Any CPU.ActiveCfg = Release|Any CPU
		{9BB81E72-27F2-47A9-ACA7-5500B1DC79B4}.Release|Any CPU.Build.0 = Release|Any CPU
	EndGlobalSection
	GlobalSection(SolutionProperties) = preSolution
		HideSolutionNode = FALSE
	EndGlobalSection
	GlobalSection(ExtensibilityGlobals) = postSolution
		SolutionGuid = {B4601F99-4FDD-4867-B428-7AF484F9498B}
	EndGlobalSection
EndGlobal
